
Microsoft Visual Studio Solution File, Format Version 12.00
# Visual Studio Version 16
VisualStudioVersion = 16.0.32510.428
MinimumVisualStudioVersion = 10.0.40219.1
Project("{FAE04EC0-301F-11D3-BF4B-00C04F79EFBC}") = "JogoDaVelhaForms", "JogoDaVelhaForms\JogoDaVelhaForms.csproj", "{2CE564F0-57D6-49DB-9295-1051E4C5CBFA}"
EndProject
Global
	GlobalSection(SolutionConfigurationPlatforms) = preSolution
		Debug|Any CPU = Debug|Any CPU
		Release|Any CPU = Release|Any CPU
	EndGlobalSection
	GlobalSection(ProjectConfigurationPlatforms) = postSolution
		{2CE564F0-57D6-49DB-9295-1051E4C5CBFA}.Debug|Any CPU.ActiveCfg = Debug|Any CPU
		{2CE564F0-57D6-49DB-9295-1051E4C5CBFA}.Debug|Any CPU.Build.0 = Debug|Any CPU
		{2CE564F0-57D6-49DB-9295-1051E4C5CBFA}.Release|Any CPU.ActiveCfg = Release|Any CPU
		{2CE564F0-57D6-49DB-9295-1051E4C5CBFA}.Release|Any CPU.Build.0 = Release|Any CPU
	EndGlobalSection
	GlobalSection(SolutionProperties) = preSolution
		HideSolutionNode = FALSE
	EndGlobalSection
	GlobalSection(ExtensibilityGlobals) = postSolution
		SolutionGuid = {72F3805E-52D2-432D-AF46-7FD127DD1510}
	EndGlobalSection
EndGlobal
